
Microsoft Visual Studio Solution File, Format Version 12.00
# Visual Studio Version 16
VisualStudioVersion = 16.0.810.8
MinimumVisualStudioVersion = 10.0.40219.1
Project("{FAE04EC0-301F-11D3-BF4B-00C04F79EFBC}") = "testAT", "testAT\testAT.csproj", "{D4D2BEC0-0DC8-42B0-ACA4-8F6CD85E984C}"
EndProject
Global
	GlobalSection(SolutionConfigurationPlatforms) = preSolution
		Debug|Any CPU = Debug|Any CPU
		Release|Any CPU = Release|Any CPU
	EndGlobalSection
	GlobalSection(ProjectConfigurationPlatforms) = postSolution
		{D4D2BEC0-0DC8-42B0-ACA4-8F6CD85E984C}.Debug|Any CPU.ActiveCfg = Debug|Any CPU
		{D4D2BEC0-0DC8-42B0-ACA4-8F6CD85E984C}.Debug|Any CPU.Build.0 = Debug|Any CPU
		{D4D2BEC0-0DC8-42B0-ACA4-8F6CD85E984C}.Release|Any CPU.ActiveCfg = Release|Any CPU
		{D4D2BEC0-0DC8-42B0-ACA4-8F6CD85E984C}.Release|Any CPU.Build.0 = Release|Any CPU
	EndGlobalSection
	GlobalSection(SolutionProperties) = preSolution
		HideSolutionNode = FALSE
	EndGlobalSection
	GlobalSection(ExtensibilityGlobals) = postSolution
		SolutionGuid = {3926E23D-2349-4B5B-9999-B5D0937DA9C0}
	EndGlobalSection
EndGlobal
